{
  "originHash" : "673c8b78a8406ccbec7ca6cc616a0827c7a1d364efe449ba857ef6af218968f7",
  "pins" : [
    {
      "identity" : "clifoundation",
      "kind" : "remoteSourceControl",
      "location" : "https://github.com/henrik-dmg/CLIFoundation",
      "state" : {
        "branch" : "main",
        "revision" : "2b3c42960cb11d38bb91497a2b5606ae530b1f8f"
      }
    },
    {
      "identity" : "globpattern",
      "kind" : "remoteSourceControl",
      "location" : "https://github.com/ChimeHQ/GlobPattern",
      "state" : {
        "branch" : "main",
        "revision" : "468242542ae08e3a8f31ef0a81b00c069877645c"
      }
    },
    {
      "identity" : "swift-argument-parser",
      "kind" : "remoteSourceControl",
      "location" : "https://github.com/apple/swift-argument-parser",
      "state" : {
        "revision" : "41982a3656a71c768319979febd796c6fd111d5c",
        "version" : "1.5.0"
      }
    }
  ],
  "version" : 3
}
